
Microsoft Visual Studio Solution File, Format Version 12.00
# Visual Studio Version 17
VisualStudioVersion = 17.9.34310.174
MinimumVisualStudioVersion = 10.0.40219.1
Project("{9A19103F-16F7-4668-BE54-9A1E7A4F7556}") = "DotNet8NewFeatures", "SamplesForDotNet\DotNet8NewFeatures.csproj", "{11A9EEE8-4E50-4C80-9EF7-89F184C71A39}"
EndProject
Global
	GlobalSection(SolutionConfigurationPlatforms) = preSolution
		Debug|Any CPU = Debug|Any CPU
		Release|Any CPU = Release|Any CPU
	EndGlobalSection
	GlobalSection(ProjectConfigurationPlatforms) = postSolution
		{11A9EEE8-4E50-4C80-9EF7-89F184C71A39}.Debug|Any CPU.ActiveCfg = Debug|Any CPU
		{11A9EEE8-4E50-4C80-9EF7-89F184C71A39}.Debug|Any CPU.Build.0 = Debug|Any CPU
		{11A9EEE8-4E50-4C80-9EF7-89F184C71A39}.Release|Any CPU.ActiveCfg = Release|Any CPU
		{11A9EEE8-4E50-4C80-9EF7-89F184C71A39}.Release|Any CPU.Build.0 = Release|Any CPU
	EndGlobalSection
	GlobalSection(SolutionProperties) = preSolution
		HideSolutionNode = FALSE
	EndGlobalSection
	GlobalSection(ExtensibilityGlobals) = postSolution
		SolutionGuid = {EB1DABA2-B772-44FC-8D1D-C149453B3A22}
	EndGlobalSection
EndGlobal
