
Microsoft Visual Studio Solution File, Format Version 12.00
# Visual Studio Version 17
VisualStudioVersion = 17.9.34310.174
MinimumVisualStudioVersion = 10.0.40219.1
Project("{9A19103F-16F7-4668-BE54-9A1E7A4F7556}") = "DotNet8NewFeatures", "SamplesForDotNet\DotNet8NewFeatures.csproj", "{11A9EEE8-4E50-4C80-9EF7-89F184C71A39}"
EndProject
Project("{2150E333-8FDC-42A3-9474-1A3956D46DE8}") = "Solution Items", "Solution Items", "{85161F91-1912-4FB6-ABEE-7FB91A4EEC3F}"
	ProjectSection(SolutionItems) = preProject
		nuget.config = nuget.config
	EndProjectSection
EndProject
Project("{FAE04EC0-301F-11D3-BF4B-00C04F79EFBC}") = "DotNet8NewFeatures.AppHost", "DotNet8NewFeatures.AppHost\DotNet8NewFeatures.AppHost.csproj", "{A566BD7E-0F59-473D-91B4-8DF43AC1B5D3}"
EndProject
Project("{9A19103F-16F7-4668-BE54-9A1E7A4F7556}") = "DotNet8NewFeatures.ServiceDefaults", "DotNet8NewFeatures.ServiceDefaults\DotNet8NewFeatures.ServiceDefaults.csproj", "{E7AB6DA6-8369-4D0C-8FBE-E87991E55F5E}"
EndProject
Global
	GlobalSection(SolutionConfigurationPlatforms) = preSolution
		Debug|Any CPU = Debug|Any CPU
		Release|Any CPU = Release|Any CPU
	EndGlobalSection
	GlobalSection(ProjectConfigurationPlatforms) = postSolution
		{11A9EEE8-4E50-4C80-9EF7-89F184C71A39}.Debug|Any CPU.ActiveCfg = Debug|Any CPU
		{11A9EEE8-4E50-4C80-9EF7-89F184C71A39}.Debug|Any CPU.Build.0 = Debug|Any CPU
		{11A9EEE8-4E50-4C80-9EF7-89F184C71A39}.Release|Any CPU.ActiveCfg = Release|Any CPU
		{11A9EEE8-4E50-4C80-9EF7-89F184C71A39}.Release|Any CPU.Build.0 = Release|Any CPU
		{A566BD7E-0F59-473D-91B4-8DF43AC1B5D3}.Debug|Any CPU.ActiveCfg = Debug|Any CPU
		{A566BD7E-0F59-473D-91B4-8DF43AC1B5D3}.Debug|Any CPU.Build.0 = Debug|Any CPU
		{A566BD7E-0F59-473D-91B4-8DF43AC1B5D3}.Release|Any CPU.ActiveCfg = Release|Any CPU
		{A566BD7E-0F59-473D-91B4-8DF43AC1B5D3}.Release|Any CPU.Build.0 = Release|Any CPU
		{E7AB6DA6-8369-4D0C-8FBE-E87991E55F5E}.Debug|Any CPU.ActiveCfg = Debug|Any CPU
		{E7AB6DA6-8369-4D0C-8FBE-E87991E55F5E}.Debug|Any CPU.Build.0 = Debug|Any CPU
		{E7AB6DA6-8369-4D0C-8FBE-E87991E55F5E}.Release|Any CPU.ActiveCfg = Release|Any CPU
		{E7AB6DA6-8369-4D0C-8FBE-E87991E55F5E}.Release|Any CPU.Build.0 = Release|Any CPU
	EndGlobalSection
	GlobalSection(SolutionProperties) = preSolution
		HideSolutionNode = FALSE
	EndGlobalSection
	GlobalSection(ExtensibilityGlobals) = postSolution
		SolutionGuid = {EB1DABA2-B772-44FC-8D1D-C149453B3A22}
	EndGlobalSection
EndGlobal
